
Microsoft Visual Studio Solution File, Format Version 12.00
# Visual Studio 14
VisualStudioVersion = 14.0.24720.0
MinimumVisualStudioVersion = 10.0.40219.1
Project("{FAE04EC0-301F-11D3-BF4B-00C04F79EFBC}") = "FJM_XF.Droid", "FJM_XF\FJM_XF.Droid\FJM_XF.Droid.csproj", "{78E1B383-6457-415C-B09A-D234EDD8590E}"
EndProject
Project("{FAE04EC0-301F-11D3-BF4B-00C04F79EFBC}") = "FJM_XF.iOS", "FJM_XF\FJM_XF.iOS\FJM_XF.iOS.csproj", "{B270FE1C-94A4-406C-A7E5-94AD098679EC}"
EndProject
Project("{FAE04EC0-301F-11D3-BF4B-00C04F79EFBC}") = "FJM_XF", "FJM_XF\FJM_XF\FJM_XF.csproj", "{4F7652EC-D8EE-459B-A92B-F24F12D2213B}"
EndProject
Global
	GlobalSection(SolutionConfigurationPlatforms) = preSolution
		Ad-Hoc|Any CPU = Ad-Hoc|Any CPU
		Ad-Hoc|iPhone = Ad-Hoc|iPhone
		Ad-Hoc|iPhoneSimulator = Ad-Hoc|iPhoneSimulator
		AppStore|Any CPU = AppStore|Any CPU
		AppStore|iPhone = AppStore|iPhone
		AppStore|iPhoneSimulator = AppStore|iPhoneSimulator
		Debug|Any CPU = Debug|Any CPU
		Debug|iPhone = Debug|iPhone
		Debug|iPhoneSimulator = Debug|iPhoneSimulator
		Release|Any CPU = Release|Any CPU
		Release|iPhone = Release|iPhone
		Release|iPhoneSimulator = Release|iPhoneSimulator
	EndGlobalSection
	GlobalSection(ProjectConfigurationPlatforms) = postSolution
		{78E1B383-6457-415C-B09A-D234EDD8590E}.Ad-Hoc|Any CPU.ActiveCfg = Release|Any CPU
		{78E1B383-6457-415C-B09A-D234EDD8590E}.Ad-Hoc|Any CPU.Build.0 = Release|Any CPU
		{78E1B383-6457-415C-B09A-D234EDD8590E}.Ad-Hoc|Any CPU.Deploy.0 = Release|Any CPU
		{78E1B383-6457-415C-B09A-D234EDD8590E}.Ad-Hoc|iPhone.ActiveCfg = Release|Any CPU
		{78E1B383-6457-415C-B09A-D234EDD8590E}.Ad-Hoc|iPhone.Build.0 = Release|Any CPU
		{78E1B383-6457-415C-B09A-D234EDD8590E}.Ad-Hoc|iPhone.Deploy.0 = Release|Any CPU
		{78E1B383-6457-415C-B09A-D234EDD8590E}.Ad-Hoc|iPhoneSimulator.ActiveCfg = Release|Any CPU
		{78E1B383-6457-415C-B09A-D234EDD8590E}.Ad-Hoc|iPhoneSimulator.Build.0 = Release|Any CPU
		{78E1B383-6457-415C-B09A-D234EDD8590E}.Ad-Hoc|iPhoneSimulator.Deploy.0 = Release|Any CPU
		{78E1B383-6457-415C-B09A-D234EDD8590E}.AppStore|Any CPU.ActiveCfg = Release|Any CPU
		{78E1B383-6457-415C-B09A-D234EDD8590E}.AppStore|Any CPU.Build.0 = Release|Any CPU
		{78E1B383-6457-415C-B09A-D234EDD8590E}.AppStore|Any CPU.Deploy.0 = Release|Any CPU
		{78E1B383-6457-415C-B09A-D234EDD8590E}.AppStore|iPhone.ActiveCfg = Release|Any CPU
		{78E1B383-6457-415C-B09A-D234EDD8590E}.AppStore|iPhone.Build.0 = Release|Any CPU
		{78E1B383-6457-415C-B09A-D234EDD8590E}.AppStore|iPhone.Deploy.0 = Release|Any CPU
		{78E1B383-6457-415C-B09A-D234EDD8590E}.AppStore|iPhoneSimulator.ActiveCfg = Release|Any CPU
		{78E1B383-6457-415C-B09A-D234EDD8590E}.AppStore|iPhoneSimulator.Build.0 = Release|Any CPU
		{78E1B383-6457-415C-B09A-D234EDD8590E}.AppStore|iPhoneSimulator.Deploy.0 = Release|Any CPU
		{78E1B383-6457-415C-B09A-D234EDD8590E}.Debug|Any CPU.ActiveCfg = Debug|Any CPU
		{78E1B383-6457-415C-B09A-D234EDD8590E}.Debug|Any CPU.Build.0 = Debug|Any CPU
		{78E1B383-6457-415C-B09A-D234EDD8590E}.Debug|Any CPU.Deploy.0 = Debug|Any CPU
		{78E1B383-6457-415C-B09A-D234EDD8590E}.Debug|iPhone.ActiveCfg = Debug|Any CPU
		{78E1B383-6457-415C-B09A-D234EDD8590E}.Debug|iPhone.Build.0 = Debug|Any CPU
		{78E1B383-6457-415C-B09A-D234EDD8590E}.Debug|iPhone.Deploy.0 = Debug|Any CPU
		{78E1B383-6457-415C-B09A-D234EDD8590E}.Debug|iPhoneSimulator.ActiveCfg = Debug|Any CPU
		{78E1B383-6457-415C-B09A-D234EDD8590E}.Debug|iPhoneSimulator.Build.0 = Debug|Any CPU
		{78E1B383-6457-415C-B09A-D234EDD8590E}.Debug|iPhoneSimulator.Deploy.0 = Debug|Any CPU
		{78E1B383-6457-415C-B09A-D234EDD8590E}.Release|Any CPU.ActiveCfg = Release|Any CPU
		{78E1B383-6457-415C-B09A-D234EDD8590E}.Release|Any CPU.Build.0 = Release|Any CPU
		{78E1B383-6457-415C-B09A-D234EDD8590E}.Release|Any CPU.Deploy.0 = Release|Any CPU
		{78E1B383-6457-415C-B09A-D234EDD8590E}.Release|iPhone.ActiveCfg = Release|Any CPU
		{78E1B383-6457-415C-B09A-D234EDD8590E}.Release|iPhone.Build.0 = Release|Any CPU
		{78E1B383-6457-415C-B09A-D234EDD8590E}.Release|iPhone.Deploy.0 = Release|Any CPU
		{78E1B383-6457-415C-B09A-D234EDD8590E}.Release|iPhoneSimulator.ActiveCfg = Release|Any CPU
		{78E1B383-6457-415C-B09A-D234EDD8590E}.Release|iPhoneSimulator.Build.0 = Release|Any CPU
		{78E1B383-6457-415C-B09A-D234EDD8590E}.Release|iPhoneSimulator.Deploy.0 = Release|Any CPU
		{B270FE1C-94A4-406C-A7E5-94AD098679EC}.Ad-Hoc|Any CPU.ActiveCfg = Ad-Hoc|iPhone
		{B270FE1C-94A4-406C-A7E5-94AD098679EC}.Ad-Hoc|iPhone.ActiveCfg = Ad-Hoc|iPhone
		{B270FE1C-94A4-406C-A7E5-94AD098679EC}.Ad-Hoc|iPhone.Build.0 = Ad-Hoc|iPhone
		{B270FE1C-94A4-406C-A7E5-94AD098679EC}.Ad-Hoc|iPhoneSimulator.ActiveCfg = Ad-Hoc|iPhoneSimulator
		{B270FE1C-94A4-406C-A7E5-94AD098679EC}.Ad-Hoc|iPhoneSimulator.Build.0 = Ad-Hoc|iPhoneSimulator
		{B270FE1C-94A4-406C-A7E5-94AD098679EC}.AppStore|Any CPU.ActiveCfg = AppStore|iPhone
		{B270FE1C-94A4-406C-A7E5-94AD098679EC}.AppStore|iPhone.ActiveCfg = AppStore|iPhone
		{B270FE1C-94A4-406C-A7E5-94AD098679EC}.AppStore|iPhone.Build.0 = AppStore|iPhone
		{B270FE1C-94A4-406C-A7E5-94AD098679EC}.AppStore|iPhoneSimulator.ActiveCfg = AppStore|iPhoneSimulator
		{B270FE1C-94A4-406C-A7E5-94AD098679EC}.AppStore|iPhoneSimulator.Build.0 = AppStore|iPhoneSimulator
		{B270FE1C-94A4-406C-A7E5-94AD098679EC}.Debug|Any CPU.ActiveCfg = Debug|iPhone
		{B270FE1C-94A4-406C-A7E5-94AD098679EC}.Debug|iPhone.ActiveCfg = Debug|iPhone
		{B270FE1C-94A4-406C-A7E5-94AD098679EC}.Debug|iPhone.Build.0 = Debug|iPhone
		{B270FE1C-94A4-406C-A7E5-94AD098679EC}.Debug|iPhoneSimulator.ActiveCfg = Debug|iPhoneSimulator
		{B270FE1C-94A4-406C-A7E5-94AD098679EC}.Debug|iPhoneSimulator.Build.0 = Debug|iPhoneSimulator
		{B270FE1C-94A4-406C-A7E5-94AD098679EC}.Release|Any CPU.ActiveCfg = Release|iPhone
		{B270FE1C-94A4-406C-A7E5-94AD098679EC}.Release|iPhone.ActiveCfg = Release|iPhone
		{B270FE1C-94A4-406C-A7E5-94AD098679EC}.Release|iPhone.Build.0 = Release|iPhone
		{B270FE1C-94A4-406C-A7E5-94AD098679EC}.Release|iPhoneSimulator.ActiveCfg = Release|iPhoneSimulator
		{B270FE1C-94A4-406C-A7E5-94AD098679EC}.Release|iPhoneSimulator.Build.0 = Release|iPhoneSimulator
		{4F7652EC-D8EE-459B-A92B-F24F12D2213B}.Ad-Hoc|Any CPU.ActiveCfg = Release|Any CPU
		{4F7652EC-D8EE-459B-A92B-F24F12D2213B}.Ad-Hoc|Any CPU.Build.0 = Release|Any CPU
		{4F7652EC-D8EE-459B-A92B-F24F12D2213B}.Ad-Hoc|iPhone.ActiveCfg = Release|Any CPU
		{4F7652EC-D8EE-459B-A92B-F24F12D2213B}.Ad-Hoc|iPhone.Build.0 = Release|Any CPU
		{4F7652EC-D8EE-459B-A92B-F24F12D2213B}.Ad-Hoc|iPhoneSimulator.ActiveCfg = Release|Any CPU
		{4F7652EC-D8EE-459B-A92B-F24F12D2213B}.Ad-Hoc|iPhoneSimulator.Build.0 = Release|Any CPU
		{4F7652EC-D8EE-459B-A92B-F24F12D2213B}.AppStore|Any CPU.ActiveCfg = Release|Any CPU
		{4F7652EC-D8EE-459B-A92B-F24F12D2213B}.AppStore|Any CPU.Build.0 = Release|Any CPU
		{4F7652EC-D8EE-459B-A92B-F24F12D2213B}.AppStore|iPhone.ActiveCfg = Release|Any CPU
		{4F7652EC-D8EE-459B-A92B-F24F12D2213B}.AppStore|iPhone.Build.0 = Release|Any CPU
		{4F7652EC-D8EE-459B-A92B-F24F12D2213B}.AppStore|iPhoneSimulator.ActiveCfg = Release|Any CPU
		{4F7652EC-D8EE-459B-A92B-F24F12D2213B}.AppStore|iPhoneSimulator.Build.0 = Release|Any CPU
		{4F7652EC-D8EE-459B-A92B-F24F12D2213B}.Debug|Any CPU.ActiveCfg = Debug|Any CPU
		{4F7652EC-D8EE-459B-A92B-F24F12D2213B}.Debug|Any CPU.Build.0 = Debug|Any CPU
		{4F7652EC-D8EE-459B-A92B-F24F12D2213B}.Debug|iPhone.ActiveCfg = Debug|Any CPU
		{4F7652EC-D8EE-459B-A92B-F24F12D2213B}.Debug|iPhone.Build.0 = Debug|Any CPU
		{4F7652EC-D8EE-459B-A92B-F24F12D2213B}.Debug|iPhoneSimulator.ActiveCfg = Debug|Any CPU
		{4F7652EC-D8EE-459B-A92B-F24F12D2213B}.Debug|iPhoneSimulator.Build.0 = Debug|Any CPU
		{4F7652EC-D8EE-459B-A92B-F24F12D2213B}.Release|Any CPU.ActiveCfg = Release|Any CPU
		{4F7652EC-D8EE-459B-A92B-F24F12D2213B}.Release|Any CPU.Build.0 = Release|Any CPU
		{4F7652EC-D8EE-459B-A92B-F24F12D2213B}.Release|iPhone.ActiveCfg = Release|Any CPU
		{4F7652EC-D8EE-459B-A92B-F24F12D2213B}.Release|iPhone.Build.0 = Release|Any CPU
		{4F7652EC-D8EE-459B-A92B-F24F12D2213B}.Release|iPhoneSimulator.ActiveCfg = Release|Any CPU
		{4F7652EC-D8EE-459B-A92B-F24F12D2213B}.Release|iPhoneSimulator.Build.0 = Release|Any CPU
	EndGlobalSection
	GlobalSection(SolutionProperties) = preSolution
		HideSolutionNode = FALSE
	EndGlobalSection
EndGlobal
